{
  "name": "@continuedev/vscode-test-harness",
  "version": "0.0.1",
  "lockfileVersion": 3,
  "requires": true,
  "packages": {
    "": {
      "name": "@continuedev/vscode-test-harness",
      "version": "0.0.1",
      "dependencies": {
        "core": "file:../",
        "monaco-vscode-textmate-theme-converter": "^0.1.7",
        "svg-builder": "^2.0.0",
        "uri-js": "^4.4.1"
      },
      "devDependencies": {
        "@types/vscode": "^1.80.0"
      }
    },
    "..": {
      "name": "@continuedev/core",
      "version": "1.1.0",
      "license": "Apache-2.0",
      "dependencies": {
        "@anthropic-ai/sdk": "^0.62.0",
        "@aws-sdk/client-bedrock-runtime": "^3.779.0",
        "@aws-sdk/client-sagemaker-runtime": "^3.777.0",
        "@aws-sdk/credential-providers": "^3.778.0",
        "@mozilla/readability": "^0.5.0",
        "@octokit/rest": "^20.1.1",
        "@typescript/native-preview": "^7.0.0-dev.20251009.1",
        "@xenova/transformers": "2.14.0",
        "adf-to-md": "^1.1.0",
        "async-mutex": "^0.5.0",
        "axios": "^1.6.7",
        "cheerio": "^1.0.0-rc.12",
        "commander": "^12.0.0",
        "comment-json": "^4.2.3",
        "dbinfoz": "^0.14.0",
        "diff": "^7.0.0",
        "dotenv": "^16.4.5",
        "fastest-levenshtein": "^1.0.16",
        "filtrex": "^3.1.0",
        "follow-redirects": "^1.15.5",
        "google-auth-library": "^9.14.2",
        "handlebars": "^4.7.8",
        "http-proxy-agent": "^7.0.1",
        "https-proxy-agent": "^7.0.3",
        "iconv-lite": "^0.6.3",
        "ignore": "^7.0.5",
        "is-localhost-ip": "^2.0.0",
        "jinja-js": "0.1.8",
        "js-tiktoken": "^1.0.8",
        "launchdarkly-node-client-sdk": "^3.2.0",
        "llm-code-highlighter": "^0.0.14",
        "lru-cache": "^11.0.2",
        "mac-ca": "^3.1.0",
        "node-fetch": "^3.3.2",
        "node-html-markdown": "^1.3.0",
        "ollama": "^0.4.6",
        "onnxruntime-node": "1.14.0",
        "openai": "^5.13.1",
        "p-limit": "^6.1.0",
        "partial-json": "^0.1.7",
        "pg": "^8.11.3",
        "plist": "^3.1.0",
        "posthog-node": "^3.6.3",
        "quick-lru": "^7.0.0",
        "replicate": "^0.26.0",
        "request": "^2.88.2",
        "shell-quote": "^1.8.3",
        "socket.io-client": "^4.7.3",
        "sqlite": "^5.1.1",
        "sqlite3": "^5.1.7",
        "system-ca": "^1.0.3",
        "tar": "^7.4.3",
        "tree-sitter-wasms": "^0.1.11",
        "uuid": "^9.0.1",
        "vectordb": "^0.4.20",
        "web-tree-sitter": "^0.21.0",
        "win-ca": "^3.5.1",
        "wink-nlp-utils": "^2.1.0",
        "winston": "^3.17.0",
        "workerpool": "^9.1.3",
        "yaml": "^2.4.2",
        "zod": "^3.24.2"
      },
      "devDependencies": {
        "@babel/preset-env": "^7.24.7",
        "@biomejs/biome": "1.6.4",
        "@google/generative-ai": "^0.11.4",
        "@shikijs/colorized-brackets": "^3.7.0",
        "@shikijs/transformers": "^3.7.0",
        "@types/diff": "^7.0.1",
        "@types/follow-redirects": "^1.14.4",
        "@types/jquery": "^3.5.29",
        "@types/jsdom": "^27.0.0",
        "@types/json-schema": "^7.0.15",
        "@types/lodash": "^4.17.20",
        "@types/mozilla-readability": "^0.2.1",
        "@types/mustache": "^4.2.5",
        "@types/node-fetch": "^2.6.11",
        "@types/pg": "^8.11.6",
        "@types/plist": "^3.0.5",
        "@types/request": "^2.48.12",
        "@types/shell-quote": "^1.7.5",
        "@types/tar": "^6.1.13",
        "@types/uuid": "^9.0.7",
        "@types/win-ca": "^3.5.4",
        "cross-env": "^7.0.3",
        "esbuild": "0.17.19",
        "myers-diff": "^2.1.0",
        "onnxruntime-common": "1.14.0",
        "onnxruntime-web": "1.14.0",
        "shiki": "^3.6.0",
        "typescript": "^5.6.3"
      },
      "engines": {
        "node": ">=20.19.0"
      }
    },
    "node_modules/@types/vscode": {
      "version": "1.105.0",
      "dev": true,
      "license": "MIT"
    },
    "node_modules/commander": {
      "version": "8.3.0",
      "resolved": "https://registry.npmjs.org/commander/-/commander-8.3.0.tgz",
      "integrity": "sha512-OkTL9umf+He2DZkUq8f8J9of7yL6RJKI24dVITBmNfZBmri9zYZQrKkuXiKhyfPSu8tUhnVBB1iKXevvnlR4Ww==",
      "license": "MIT",
      "engines": {
        "node": ">= 12"
      }
    },
    "node_modules/core": {
      "resolved": "..",
      "link": true
    },
    "node_modules/fs-extra": {
      "version": "7.0.1",
      "resolved": "https://registry.npmjs.org/fs-extra/-/fs-extra-7.0.1.tgz",
      "integrity": "sha512-YJDaCJZEnBmcbw13fvdAM9AwNOJwOzrE4pqMqBq5nFiEqXUqHwlK4B+3pUw6JNvfSPtX05xFHtYy/1ni01eGCw==",
      "license": "MIT",
      "dependencies": {
        "graceful-fs": "^4.1.2",
        "jsonfile": "^4.0.0",
        "universalify": "^0.1.0"
      },
      "engines": {
        "node": ">=6 <7 || >=8"
      }
    },
    "node_modules/graceful-fs": {
      "version": "4.2.11",
      "resolved": "https://registry.npmjs.org/graceful-fs/-/graceful-fs-4.2.11.tgz",
      "integrity": "sha512-RbJ5/jmFcNNCcDV5o9eTnBLJ/HszWV0P73bc+Ff4nS/rJj+YaS6IGyiOL0VoBYX+l1Wrl3k63h/KrH+nhJ0XvQ==",
      "license": "ISC"
    },
    "node_modules/jsonfile": {
      "version": "4.0.0",
      "resolved": "https://registry.npmjs.org/jsonfile/-/jsonfile-4.0.0.tgz",
      "integrity": "sha512-m6F1R3z8jjlf2imQHS2Qez5sjKWQzbuuhuJ/FKYFRZvPE3PuHcSMVZzfsLhGVOkfd20obL5SWEBew5ShlquNxg==",
      "license": "MIT",
      "optionalDependencies": {
        "graceful-fs": "^4.1.6"
      }
    },
    "node_modules/monaco-vscode-textmate-theme-converter": {
      "version": "0.1.7",
      "resolved": "https://registry.npmjs.org/monaco-vscode-textmate-theme-converter/-/monaco-vscode-textmate-theme-converter-0.1.7.tgz",
      "integrity": "sha512-ZMsq1RPWwOD3pvXD0n+9ddnhfzZoiUMwNIWPNUqYqEiQeH2HjyZ9KYOdt/pqe0kkN8WnYWLrxT9C/SrtIsAu2Q==",
      "license": "MIT",
      "dependencies": {
        "commander": "^8.1.0",
        "fs-extra": "^7.0.1",
        "tslib": "^2.3.0"
      },
      "bin": {
        "mvttc": "lib/cjs/npx-script.js"
      },
      "peerDependencies": {
        "tslib": "^2.0.1"
      }
    },
    "node_modules/punycode": {
      "version": "2.3.1",
      "resolved": "https://registry.npmjs.org/punycode/-/punycode-2.3.1.tgz",
      "integrity": "sha512-vYt7UD1U9Wg6138shLtLOvdAu+8DsC/ilFtEVHcH+wydcSpNE20AfSOduf6MkRFahL5FY7X1oU7nKVZFtfq8Fg==",
      "license": "MIT",
      "engines": {
        "node": ">=6"
      }
    },
    "node_modules/svg-builder": {
      "version": "2.0.0",
      "resolved": "https://registry.npmjs.org/svg-builder/-/svg-builder-2.0.0.tgz",
      "integrity": "sha512-v89FptvyrOy1Gf9KPkIo2jxroCLEZLiGBRTSutL3pzqZe2xnCFltkCLnEjV8QOEJ99PzBa9NGPGEDP9l8MWIrw==",
      "license": "MIT"
    },
    "node_modules/tslib": {
      "version": "2.8.1",
      "resolved": "https://registry.npmjs.org/tslib/-/tslib-2.8.1.tgz",
      "integrity": "sha512-oJFu94HQb+KVduSUQL7wnpmqnfmLsOA/nAh6b6EH0wCEoK0/mPeXU6c3wKDV83MkOuHPRHtSXKKU99IBazS/2w==",
      "license": "0BSD"
    },
    "node_modules/universalify": {
      "version": "0.1.2",
      "resolved": "https://registry.npmjs.org/universalify/-/universalify-0.1.2.tgz",
      "integrity": "sha512-rBJeI5CXAlmy1pV+617WB9J63U6XcazHHF2f2dbJix4XzpUF0RS3Zbj0FGIOCAva5P/d/GBOYaACQ1w+0azUkg==",
      "license": "MIT",
      "engines": {
        "node": ">= 4.0.0"
      }
    },
    "node_modules/uri-js": {
      "version": "4.4.1",
      "resolved": "https://registry.npmjs.org/uri-js/-/uri-js-4.4.1.tgz",
      "integrity": "sha512-7rKUyy33Q1yc98pQ1DAmLtwX109F7TIfWlW1Ydo8Wl1ii1SeHieeh0HHfPeL2fMXK6z0s8ecKs9frCuLJvndBg==",
      "license": "BSD-2-Clause",
      "dependencies": {
        "punycode": "^2.1.0"
      }
    }
  }
}
